// !$*UTF8*$!
{
	archiveVersion = 1;
	classes = {
	};
	objectVersion = 50;
	objects = {

/* Begin PBXBuildFile section */
		48C965202D37221F060075AD /* libPods-iOS-架构模式.a in Frameworks */ = {isa = PBXBuildFile; fileRef = 72F5EE04F28E017B05303B5E /* libPods-iOS-架构模式.a */; };
		5D155C3121B0CBCF00534461 /* MVVMBaseModel.m in Sources */ = {isa = PBXBuildFile; fileRef = 5D155C3021B0CBCF00534461 /* MVVMBaseModel.m */; };
		5D155C3421B0CBE300534461 /* MVVMViewModel.m in Sources */ = {isa = PBXBuildFile; fileRef = 5D155C3321B0CBE300534461 /* MVVMViewModel.m */; };
		5D155C3921B0D7B000534461 /* File in Resources */ = {isa = PBXBuildFile; fileRef = 5D155C3821B0D7B000534461 /* File */; };
		5D328FB721BA581A00A0B191 /* Person.m in Sources */ = {isa = PBXBuildFile; fileRef = 5D328FB621BA581A00A0B191 /* Person.m */; };
		5D328FBA21BA58DC00A0B191 /* JLChainViewController.m in Sources */ = {isa = PBXBuildFile; fileRef = 5D328FB921BA58DC00A0B191 /* JLChainViewController.m */; };
		5D4F77A721AE799600921FDA /* AppDelegate.m in Sources */ = {isa = PBXBuildFile; fileRef = 5D4F77A621AE799600921FDA /* AppDelegate.m */; };
		5D4F77AA21AE799600921FDA /* ViewController.m in Sources */ = {isa = PBXBuildFile; fileRef = 5D4F77A921AE799600921FDA /* ViewController.m */; };
		5D4F77AD21AE799600921FDA /* Main.storyboard in Resources */ = {isa = PBXBuildFile; fileRef = 5D4F77AB21AE799600921FDA /* Main.storyboard */; };
		5D4F77AF21AE799700921FDA /* Assets.xcassets in Resources */ = {isa = PBXBuildFile; fileRef = 5D4F77AE21AE799700921FDA /* Assets.xcassets */; };
		5D4F77B221AE799700921FDA /* LaunchScreen.storyboard in Resources */ = {isa = PBXBuildFile; fileRef = 5D4F77B021AE799700921FDA /* LaunchScreen.storyboard */; };
		5D4F77B521AE799700921FDA /* main.m in Sources */ = {isa = PBXBuildFile; fileRef = 5D4F77B421AE799700921FDA /* main.m */; };
		5D4F77C321AE7CDA00921FDA /* JLDataSource.m in Sources */ = {isa = PBXBuildFile; fileRef = 5D4F77C221AE7CDA00921FDA /* JLDataSource.m */; };
		5D4F77C921AE86CE00921FDA /* JLModel.m in Sources */ = {isa = PBXBuildFile; fileRef = 5D4F77C821AE86CE00921FDA /* JLModel.m */; };
		5D4F77CC21AE86E800921FDA /* JLTableViewCell.m in Sources */ = {isa = PBXBuildFile; fileRef = 5D4F77CB21AE86E800921FDA /* JLTableViewCell.m */; };
		5D4F77CF21AE8ABB00921FDA /* Present.m in Sources */ = {isa = PBXBuildFile; fileRef = 5D4F77CE21AE8ABB00921FDA /* Present.m */; };
		5D629D0B21B02F49000240FB /* MVVMViewController.m in Sources */ = {isa = PBXBuildFile; fileRef = 5D629D0A21B02F49000240FB /* MVVMViewController.m */; };
		5D8F1A8A21B65C530043FA41 /* MVCManager.m in Sources */ = {isa = PBXBuildFile; fileRef = 5D8F1A8621B65C530043FA41 /* MVCManager.m */; };
		5D8F1A8B21B65C530043FA41 /* MVCTableViewCell.m in Sources */ = {isa = PBXBuildFile; fileRef = 5D8F1A8721B65C530043FA41 /* MVCTableViewCell.m */; };
		5D8F1A8C21B65C530043FA41 /* MVCViewController.m in Sources */ = {isa = PBXBuildFile; fileRef = 5D8F1A8921B65C530043FA41 /* MVCViewController.m */; };
		5D8F1A9321B65C9A0043FA41 /* UITableView+HYBCacheHeight.m in Sources */ = {isa = PBXBuildFile; fileRef = 5D8F1A8F21B65C9A0043FA41 /* UITableView+HYBCacheHeight.m */; };
		5D8F1A9421B65C9A0043FA41 /* UITableViewCell+HYBMasonryAutoCellHeight.m in Sources */ = {isa = PBXBuildFile; fileRef = 5D8F1A9221B65C9A0043FA41 /* UITableViewCell+HYBMasonryAutoCellHeight.m */; };
		5D8F1A9721B65D1C0043FA41 /* JLTableViewController.m in Sources */ = {isa = PBXBuildFile; fileRef = 5D8F1A9621B65D1C0043FA41 /* JLTableViewController.m */; };
		5D8F1A9D21B65E520043FA41 /* JLTableModel.m in Sources */ = {isa = PBXBuildFile; fileRef = 5D8F1A9C21B65E520043FA41 /* JLTableModel.m */; };
		5D8F1AA021B65E680043FA41 /* JLTableViewModel.m in Sources */ = {isa = PBXBuildFile; fileRef = 5D8F1A9F21B65E680043FA41 /* JLTableViewModel.m */; };
		5D8F1AA621B668290043FA41 /* JLContentViewCell.m in Sources */ = {isa = PBXBuildFile; fileRef = 5D8F1AA521B668290043FA41 /* JLContentViewCell.m */; };
		5DD1826621AFD1CA00B814FA /* MVPViewController.m in Sources */ = {isa = PBXBuildFile; fileRef = 5DD1826521AFD1CA00B814FA /* MVPViewController.m */; };
/* End PBXBuildFile section */

/* Begin PBXFileReference section */
		18E046DF4DC0DC7B5DFFC1B7 /* Pods-iOS-架构模式.release.xcconfig */ = {isa = PBXFileReference; includeInIndex = 1; lastKnownFileType = text.xcconfig; name = "Pods-iOS-架构模式.release.xcconfig"; path = "Pods/Target Support Files/Pods-iOS-架构模式/Pods-iOS-架构模式.release.xcconfig"; sourceTree = "<group>"; };
		436562AA7A58B6185E2CF9E6 /* Pods-iOS-架构模式.debug.xcconfig */ = {isa = PBXFileReference; includeInIndex = 1; lastKnownFileType = text.xcconfig; name = "Pods-iOS-架构模式.debug.xcconfig"; path = "Pods/Target Support Files/Pods-iOS-架构模式/Pods-iOS-架构模式.debug.xcconfig"; sourceTree = "<group>"; };
		5D155C2F21B0CBCF00534461 /* MVVMBaseModel.h */ = {isa = PBXFileReference; lastKnownFileType = sourcecode.c.h; path = MVVMBaseModel.h; sourceTree = "<group>"; };
		5D155C3021B0CBCF00534461 /* MVVMBaseModel.m */ = {isa = PBXFileReference; lastKnownFileType = sourcecode.c.objc; path = MVVMBaseModel.m; sourceTree = "<group>"; };
		5D155C3221B0CBE300534461 /* MVVMViewModel.h */ = {isa = PBXFileReference; lastKnownFileType = sourcecode.c.h; path = MVVMViewModel.h; sourceTree = "<group>"; };
		5D155C3321B0CBE300534461 /* MVVMViewModel.m */ = {isa = PBXFileReference; lastKnownFileType = sourcecode.c.objc; path = MVVMViewModel.m; sourceTree = "<group>"; };
		5D155C3821B0D7B000534461 /* File */ = {isa = PBXFileReference; fileEncoding = 4; lastKnownFileType = text; path = File; sourceTree = "<group>"; };
		5D328FB521BA581A00A0B191 /* Person.h */ = {isa = PBXFileReference; lastKnownFileType = sourcecode.c.h; path = Person.h; sourceTree = "<group>"; };
		5D328FB621BA581A00A0B191 /* Person.m */ = {isa = PBXFileReference; lastKnownFileType = sourcecode.c.objc; path = Person.m; sourceTree = "<group>"; };
		5D328FB821BA58DC00A0B191 /* JLChainViewController.h */ = {isa = PBXFileReference; lastKnownFileType = sourcecode.c.h; path = JLChainViewController.h; sourceTree = "<group>"; };
		5D328FB921BA58DC00A0B191 /* JLChainViewController.m */ = {isa = PBXFileReference; lastKnownFileType = sourcecode.c.objc; path = JLChainViewController.m; sourceTree = "<group>"; };
		5D4F77A221AE799500921FDA /* iOS-架构模式.app */ = {isa = PBXFileReference; explicitFileType = wrapper.application; includeInIndex = 0; path = "iOS-架构模式.app"; sourceTree = BUILT_PRODUCTS_DIR; };
		5D4F77A521AE799600921FDA /* AppDelegate.h */ = {isa = PBXFileReference; lastKnownFileType = sourcecode.c.h; path = AppDelegate.h; sourceTree = "<group>"; };
		5D4F77A621AE799600921FDA /* AppDelegate.m */ = {isa = PBXFileReference; lastKnownFileType = sourcecode.c.objc; path = AppDelegate.m; sourceTree = "<group>"; };
		5D4F77A821AE799600921FDA /* ViewController.h */ = {isa = PBXFileReference; lastKnownFileType = sourcecode.c.h; path = ViewController.h; sourceTree = "<group>"; };
		5D4F77A921AE799600921FDA /* ViewController.m */ = {isa = PBXFileReference; lastKnownFileType = sourcecode.c.objc; path = ViewController.m; sourceTree = "<group>"; };
		5D4F77AC21AE799600921FDA /* Base */ = {isa = PBXFileReference; lastKnownFileType = file.storyboard; name = Base; path = Base.lproj/Main.storyboard; sourceTree = "<group>"; };
		5D4F77AE21AE799700921FDA /* Assets.xcassets */ = {isa = PBXFileReference; lastKnownFileType = folder.assetcatalog; path = Assets.xcassets; sourceTree = "<group>"; };
		5D4F77B121AE799700921FDA /* Base */ = {isa = PBXFileReference; lastKnownFileType = file.storyboard; name = Base; path = Base.lproj/LaunchScreen.storyboard; sourceTree = "<group>"; };
		5D4F77B321AE799700921FDA /* Info.plist */ = {isa = PBXFileReference; lastKnownFileType = text.plist.xml; path = Info.plist; sourceTree = "<group>"; };
		5D4F77B421AE799700921FDA /* main.m */ = {isa = PBXFileReference; lastKnownFileType = sourcecode.c.objc; path = main.m; sourceTree = "<group>"; };
		5D4F77C021AE7B9200921FDA /* PrefixHeader.pch */ = {isa = PBXFileReference; lastKnownFileType = sourcecode.c.h; path = PrefixHeader.pch; sourceTree = "<group>"; };
		5D4F77C121AE7CDA00921FDA /* JLDataSource.h */ = {isa = PBXFileReference; lastKnownFileType = sourcecode.c.h; path = JLDataSource.h; sourceTree = "<group>"; };
		5D4F77C221AE7CDA00921FDA /* JLDataSource.m */ = {isa = PBXFileReference; lastKnownFileType = sourcecode.c.objc; path = JLDataSource.m; sourceTree = "<group>"; };
		5D4F77C721AE86CE00921FDA /* JLModel.h */ = {isa = PBXFileReference; lastKnownFileType = sourcecode.c.h; path = JLModel.h; sourceTree = "<group>"; };
		5D4F77C821AE86CE00921FDA /* JLModel.m */ = {isa = PBXFileReference; lastKnownFileType = sourcecode.c.objc; path = JLModel.m; sourceTree = "<group>"; };
		5D4F77CA21AE86E800921FDA /* JLTableViewCell.h */ = {isa = PBXFileReference; lastKnownFileType = sourcecode.c.h; path = JLTableViewCell.h; sourceTree = "<group>"; };
		5D4F77CB21AE86E800921FDA /* JLTableViewCell.m */ = {isa = PBXFileReference; lastKnownFileType = sourcecode.c.objc; path = JLTableViewCell.m; sourceTree = "<group>"; };
		5D4F77CD21AE8ABB00921FDA /* Present.h */ = {isa = PBXFileReference; lastKnownFileType = sourcecode.c.h; path = Present.h; sourceTree = "<group>"; };
		5D4F77CE21AE8ABB00921FDA /* Present.m */ = {isa = PBXFileReference; lastKnownFileType = sourcecode.c.objc; path = Present.m; sourceTree = "<group>"; };
		5D4F77D421AE8C7F00921FDA /* PresentDalegate.h */ = {isa = PBXFileReference; lastKnownFileType = sourcecode.c.h; path = PresentDalegate.h; sourceTree = "<group>"; };
		5D629D0921B02F49000240FB /* MVVMViewController.h */ = {isa = PBXFileReference; lastKnownFileType = sourcecode.c.h; path = MVVMViewController.h; sourceTree = "<group>"; };
		5D629D0A21B02F49000240FB /* MVVMViewController.m */ = {isa = PBXFileReference; lastKnownFileType = sourcecode.c.objc; path = MVVMViewController.m; sourceTree = "<group>"; };
		5D8F1A8421B65C530043FA41 /* MVCTableViewCell.h */ = {isa = PBXFileReference; fileEncoding = 4; lastKnownFileType = sourcecode.c.h; path = MVCTableViewCell.h; sourceTree = "<group>"; };
		5D8F1A8521B65C530043FA41 /* MVCViewController.h */ = {isa = PBXFileReference; fileEncoding = 4; lastKnownFileType = sourcecode.c.h; path = MVCViewController.h; sourceTree = "<group>"; };
		5D8F1A8621B65C530043FA41 /* MVCManager.m */ = {isa = PBXFileReference; fileEncoding = 4; lastKnownFileType = sourcecode.c.objc; path = MVCManager.m; sourceTree = "<group>"; };
		5D8F1A8721B65C530043FA41 /* MVCTableViewCell.m */ = {isa = PBXFileReference; fileEncoding = 4; lastKnownFileType = sourcecode.c.objc; path = MVCTableViewCell.m; sourceTree = "<group>"; };
		5D8F1A8821B65C530043FA41 /* MVCManager.h */ = {isa = PBXFileReference; fileEncoding = 4; lastKnownFileType = sourcecode.c.h; path = MVCManager.h; sourceTree = "<group>"; };
		5D8F1A8921B65C530043FA41 /* MVCViewController.m */ = {isa = PBXFileReference; fileEncoding = 4; lastKnownFileType = sourcecode.c.objc; path = MVCViewController.m; sourceTree = "<group>"; };
		5D8F1A8F21B65C9A0043FA41 /* UITableView+HYBCacheHeight.m */ = {isa = PBXFileReference; fileEncoding = 4; lastKnownFileType = sourcecode.c.objc; path = "UITableView+HYBCacheHeight.m"; sourceTree = "<group>"; };
		5D8F1A9021B65C9A0043FA41 /* UITableViewCell+HYBMasonryAutoCellHeight.h */ = {isa = PBXFileReference; fileEncoding = 4; lastKnownFileType = sourcecode.c.h; path = "UITableViewCell+HYBMasonryAutoCellHeight.h"; sourceTree = "<group>"; };
		5D8F1A9121B65C9A0043FA41 /* UITableView+HYBCacheHeight.h */ = {isa = PBXFileReference; fileEncoding = 4; lastKnownFileType = sourcecode.c.h; path = "UITableView+HYBCacheHeight.h"; sourceTree = "<group>"; };
		5D8F1A9221B65C9A0043FA41 /* UITableViewCell+HYBMasonryAutoCellHeight.m */ = {isa = PBXFileReference; fileEncoding = 4; lastKnownFileType = sourcecode.c.objc; path = "UITableViewCell+HYBMasonryAutoCellHeight.m"; sourceTree = "<group>"; };
		5D8F1A9521B65D1C0043FA41 /* JLTableViewController.h */ = {isa = PBXFileReference; lastKnownFileType = sourcecode.c.h; path = JLTableViewController.h; sourceTree = "<group>"; };
		5D8F1A9621B65D1C0043FA41 /* JLTableViewController.m */ = {isa = PBXFileReference; lastKnownFileType = sourcecode.c.objc; path = JLTableViewController.m; sourceTree = "<group>"; };
		5D8F1A9B21B65E520043FA41 /* JLTableModel.h */ = {isa = PBXFileReference; lastKnownFileType = sourcecode.c.h; path = JLTableModel.h; sourceTree = "<group>"; };
		5D8F1A9C21B65E520043FA41 /* JLTableModel.m */ = {isa = PBXFileReference; lastKnownFileType = sourcecode.c.objc; path = JLTableModel.m; sourceTree = "<group>"; };
		5D8F1A9E21B65E680043FA41 /* JLTableViewModel.h */ = {isa = PBXFileReference; lastKnownFileType = sourcecode.c.h; path = JLTableViewModel.h; sourceTree = "<group>"; };
		5D8F1A9F21B65E680043FA41 /* JLTableViewModel.m */ = {isa = PBXFileReference; lastKnownFileType = sourcecode.c.objc; path = JLTableViewModel.m; sourceTree = "<group>"; };
		5D8F1AA421B668290043FA41 /* JLContentViewCell.h */ = {isa = PBXFileReference; lastKnownFileType = sourcecode.c.h; path = JLContentViewCell.h; sourceTree = "<group>"; };
		5D8F1AA521B668290043FA41 /* JLContentViewCell.m */ = {isa = PBXFileReference; lastKnownFileType = sourcecode.c.objc; path = JLContentViewCell.m; sourceTree = "<group>"; };
		5DD1826421AFD1CA00B814FA /* MVPViewController.h */ = {isa = PBXFileReference; lastKnownFileType = sourcecode.c.h; path = MVPViewController.h; sourceTree = "<group>"; };
		5DD1826521AFD1CA00B814FA /* MVPViewController.m */ = {isa = PBXFileReference; lastKnownFileType = sourcecode.c.objc; path = MVPViewController.m; sourceTree = "<group>"; };
		72F5EE04F28E017B05303B5E /* libPods-iOS-架构模式.a */ = {isa = PBXFileReference; explicitFileType = archive.ar; includeInIndex = 0; path = "libPods-iOS-架构模式.a"; sourceTree = BUILT_PRODUCTS_DIR; };
/* End PBXFileReference section */

/* Begin PBXFrameworksBuildPhase section */
		5D4F779F21AE799500921FDA /* Frameworks */ = {
			isa = PBXFrameworksBuildPhase;
			buildActionMask = 2147483647;
			files = (
				48C965202D37221F060075AD /* libPods-iOS-架构模式.a in Frameworks */,
			);
			runOnlyForDeploymentPostprocessing = 0;
		};
/* End PBXFrameworksBuildPhase section */

/* Begin PBXGroup section */
		5D328FB121BA578100A0B191 /* 编程思想 */ = {
			isa = PBXGroup;
			children = (
				5D328FB421BA57E800A0B191 /* ReactiveCocoa */,
				5D328FB321BA57DC00A0B191 /* 响应式编程 */,
				5D328FB221BA57CE00A0B191 /* 链式编程 */,
			);
			path = "编程思想";
			sourceTree = "<group>";
		};
		5D328FB221BA57CE00A0B191 /* 链式编程 */ = {
			isa = PBXGroup;
			children = (
				5D328FB521BA581A00A0B191 /* Person.h */,
				5D328FB621BA581A00A0B191 /* Person.m */,
				5D328FB821BA58DC00A0B191 /* JLChainViewController.h */,
				5D328FB921BA58DC00A0B191 /* JLChainViewController.m */,
			);
			path = "链式编程";
			sourceTree = "<group>";
		};
		5D328FB321BA57DC00A0B191 /* 响应式编程 */ = {
			isa = PBXGroup;
			children = (
			);
			path = "响应式编程";
			sourceTree = "<group>";
		};
		5D328FB421BA57E800A0B191 /* ReactiveCocoa */ = {
			isa = PBXGroup;
			children = (
			);
			path = ReactiveCocoa;
			sourceTree = "<group>";
		};
		5D4F779921AE799500921FDA = {
			isa = PBXGroup;
			children = (
				5D4F77A421AE799500921FDA /* iOS-架构模式 */,
				5D4F77A321AE799500921FDA /* Products */,
				834483855C726DFFDA327E87 /* Pods */,
				B6616E4E09A4A43E89BA63E3 /* Frameworks */,
			);
			sourceTree = "<group>";
		};
		5D4F77A321AE799500921FDA /* Products */ = {
			isa = PBXGroup;
			children = (
				5D4F77A221AE799500921FDA /* iOS-架构模式.app */,
			);
			name = Products;
			sourceTree = "<group>";
		};
		5D4F77A421AE799500921FDA /* iOS-架构模式 */ = {
			isa = PBXGroup;
			children = (
				5D328FB121BA578100A0B191 /* 编程思想 */,
				5D8F1A8E21B65C9A0043FA41 /* HYBMasonryAutoCellHeight */,
				5D8F1A8D21B65C670043FA41 /* 动态计算行高 */,
				5D4F77BF21AE79EE00921FDA /* Common */,
				5D4F77BD21AE79D600921FDA /* MVVM */,
				5D4F77BC21AE79C300921FDA /* MVP面向协议 */,
				5D8F1A8321B65C530043FA41 /* MVC解耦 */,
				5D4F77A521AE799600921FDA /* AppDelegate.h */,
				5D4F77A621AE799600921FDA /* AppDelegate.m */,
				5D4F77A821AE799600921FDA /* ViewController.h */,
				5D4F77A921AE799600921FDA /* ViewController.m */,
				5D4F77C021AE7B9200921FDA /* PrefixHeader.pch */,
				5D4F77AB21AE799600921FDA /* Main.storyboard */,
				5D4F77AE21AE799700921FDA /* Assets.xcassets */,
				5D4F77B021AE799700921FDA /* LaunchScreen.storyboard */,
				5D4F77B321AE799700921FDA /* Info.plist */,
				5D4F77B421AE799700921FDA /* main.m */,
			);
			path = "iOS-架构模式";
			sourceTree = "<group>";
		};
		5D4F77BC21AE79C300921FDA /* MVP面向协议 */ = {
			isa = PBXGroup;
			children = (
				5DD1826421AFD1CA00B814FA /* MVPViewController.h */,
				5DD1826521AFD1CA00B814FA /* MVPViewController.m */,
				5D4F77CD21AE8ABB00921FDA /* Present.h */,
				5D4F77CE21AE8ABB00921FDA /* Present.m */,
			);
			path = "MVP面向协议";
			sourceTree = "<group>";
		};
		5D4F77BD21AE79D600921FDA /* MVVM */ = {
			isa = PBXGroup;
			children = (
				5D629D0921B02F49000240FB /* MVVMViewController.h */,
				5D629D0A21B02F49000240FB /* MVVMViewController.m */,
				5D155C2F21B0CBCF00534461 /* MVVMBaseModel.h */,
				5D155C3021B0CBCF00534461 /* MVVMBaseModel.m */,
				5D155C3221B0CBE300534461 /* MVVMViewModel.h */,
				5D155C3321B0CBE300534461 /* MVVMViewModel.m */,
				5D155C3821B0D7B000534461 /* File */,
			);
			path = MVVM;
			sourceTree = "<group>";
		};
		5D4F77BF21AE79EE00921FDA /* Common */ = {
			isa = PBXGroup;
			children = (
				5D4F77C121AE7CDA00921FDA /* JLDataSource.h */,
				5D4F77C221AE7CDA00921FDA /* JLDataSource.m */,
				5D4F77C721AE86CE00921FDA /* JLModel.h */,
				5D4F77C821AE86CE00921FDA /* JLModel.m */,
				5D4F77CA21AE86E800921FDA /* JLTableViewCell.h */,
				5D4F77D421AE8C7F00921FDA /* PresentDalegate.h */,
				5D4F77CB21AE86E800921FDA /* JLTableViewCell.m */,
			);
			path = Common;
			sourceTree = "<group>";
		};
		5D8F1A8321B65C530043FA41 /* MVC解耦 */ = {
			isa = PBXGroup;
			children = (
				5D8F1A8421B65C530043FA41 /* MVCTableViewCell.h */,
				5D8F1A8521B65C530043FA41 /* MVCViewController.h */,
				5D8F1A8621B65C530043FA41 /* MVCManager.m */,
				5D8F1A8721B65C530043FA41 /* MVCTableViewCell.m */,
				5D8F1A8821B65C530043FA41 /* MVCManager.h */,
				5D8F1A8921B65C530043FA41 /* MVCViewController.m */,
			);
			name = "MVC解耦";
			path = "iOS-架构模式/MVC解耦";
			sourceTree = SOURCE_ROOT;
		};
		5D8F1A8D21B65C670043FA41 /* 动态计算行高 */ = {
			isa = PBXGroup;
			children = (
				5D8F1A9521B65D1C0043FA41 /* JLTableViewController.h */,
				5D8F1A9621B65D1C0043FA41 /* JLTableViewController.m */,
				5D8F1AA421B668290043FA41 /* JLContentViewCell.h */,
				5D8F1AA521B668290043FA41 /* JLContentViewCell.m */,
				5D8F1A9B21B65E520043FA41 /* JLTableModel.h */,
				5D8F1A9C21B65E520043FA41 /* JLTableModel.m */,
				5D8F1A9E21B65E680043FA41 /* JLTableViewModel.h */,
				5D8F1A9F21B65E680043FA41 /* JLTableViewModel.m */,
			);
			path = "动态计算行高";
			sourceTree = "<group>";
		};
		5D8F1A8E21B65C9A0043FA41 /* HYBMasonryAutoCellHeight */ = {
			isa = PBXGroup;
			children = (
				5D8F1A8F21B65C9A0043FA41 /* UITableView+HYBCacheHeight.m */,
				5D8F1A9021B65C9A0043FA41 /* UITableViewCell+HYBMasonryAutoCellHeight.h */,
				5D8F1A9121B65C9A0043FA41 /* UITableView+HYBCacheHeight.h */,
				5D8F1A9221B65C9A0043FA41 /* UITableViewCell+HYBMasonryAutoCellHeight.m */,
			);
			path = HYBMasonryAutoCellHeight;
			sourceTree = "<group>";
		};
		834483855C726DFFDA327E87 /* Pods */ = {
			isa = PBXGroup;
			children = (
				436562AA7A58B6185E2CF9E6 /* Pods-iOS-架构模式.debug.xcconfig */,
				18E046DF4DC0DC7B5DFFC1B7 /* Pods-iOS-架构模式.release.xcconfig */,
			);
			name = Pods;
			sourceTree = "<group>";
		};
		B6616E4E09A4A43E89BA63E3 /* Frameworks */ = {
			isa = PBXGroup;
			children = (
				72F5EE04F28E017B05303B5E /* libPods-iOS-架构模式.a */,
			);
			name = Frameworks;
			sourceTree = "<group>";
		};
/* End PBXGroup section */

/* Begin PBXNativeTarget section */
		5D4F77A121AE799500921FDA /* iOS-架构模式 */ = {
			isa = PBXNativeTarget;
			buildConfigurationList = 5D4F77B821AE799700921FDA /* Build configuration list for PBXNativeTarget "iOS-架构模式" */;
			buildPhases = (
				53A1FB8C04B186E5B06F313A /* [CP] Check Pods Manifest.lock */,
				5D4F779E21AE799500921FDA /* Sources */,
				5D4F779F21AE799500921FDA /* Frameworks */,
				5D4F77A021AE799500921FDA /* Resources */,
			);
			buildRules = (
			);
			dependencies = (
			);
			name = "iOS-架构模式";
			productName = "iOS-架构模式";
			productReference = 5D4F77A221AE799500921FDA /* iOS-架构模式.app */;
			productType = "com.apple.product-type.application";
		};
/* End PBXNativeTarget section */

/* Begin PBXProject section */
		5D4F779A21AE799500921FDA /* Project object */ = {
			isa = PBXProject;
			attributes = {
				LastUpgradeCheck = 1010;
				ORGANIZATIONNAME = Jazzfly;
				TargetAttributes = {
					5D4F77A121AE799500921FDA = {
						CreatedOnToolsVersion = 10.1;
					};
				};
			};
			buildConfigurationList = 5D4F779D21AE799500921FDA /* Build configuration list for PBXProject "iOS-架构模式" */;
			compatibilityVersion = "Xcode 9.3";
			developmentRegion = en;
			hasScannedForEncodings = 0;
			knownRegions = (
				en,
				Base,
			);
			mainGroup = 5D4F779921AE799500921FDA;
			productRefGroup = 5D4F77A321AE799500921FDA /* Products */;
			projectDirPath = "";
			projectRoot = "";
			targets = (
				5D4F77A121AE799500921FDA /* iOS-架构模式 */,
			);
		};
/* End PBXProject section */

/* Begin PBXResourcesBuildPhase section */
		5D4F77A021AE799500921FDA /* Resources */ = {
			isa = PBXResourcesBuildPhase;
			buildActionMask = 2147483647;
			files = (
				5D155C3921B0D7B000534461 /* File in Resources */,
				5D4F77B221AE799700921FDA /* LaunchScreen.storyboard in Resources */,
				5D4F77AF21AE799700921FDA /* Assets.xcassets in Resources */,
				5D4F77AD21AE799600921FDA /* Main.storyboard in Resources */,
			);
			runOnlyForDeploymentPostprocessing = 0;
		};
/* End PBXResourcesBuildPhase section */

/* Begin PBXShellScriptBuildPhase section */
		53A1FB8C04B186E5B06F313A /* [CP] Check Pods Manifest.lock */ = {
			isa = PBXShellScriptBuildPhase;
			buildActionMask = 2147483647;
			files = (
			);
			inputPaths = (
				"${PODS_PODFILE_DIR_PATH}/Podfile.lock",
				"${PODS_ROOT}/Manifest.lock",
			);
			name = "[CP] Check Pods Manifest.lock";
			outputPaths = (
				"$(DERIVED_FILE_DIR)/Pods-iOS-架构模式-checkManifestLockResult.txt",
			);
			runOnlyForDeploymentPostprocessing = 0;
			shellPath = /bin/sh;
			shellScript = "diff \"${PODS_PODFILE_DIR_PATH}/Podfile.lock\" \"${PODS_ROOT}/Manifest.lock\" > /dev/null\nif [ $? != 0 ] ; then\n    # print error to STDERR\n    echo \"error: The sandbox is not in sync with the Podfile.lock. Run 'pod install' or update your CocoaPods installation.\" >&2\n    exit 1\nfi\n# This output is used by Xcode 'outputs' to avoid re-running this script phase.\necho \"SUCCESS\" > \"${SCRIPT_OUTPUT_FILE_0}\"\n";
			showEnvVarsInLog = 0;
		};
/* End PBXShellScriptBuildPhase section */

/* Begin PBXSourcesBuildPhase section */
		5D4F779E21AE799500921FDA /* Sources */ = {
			isa = PBXSourcesBuildPhase;
			buildActionMask = 2147483647;
			files = (
				5D8F1A8B21B65C530043FA41 /* MVCTableViewCell.m in Sources */,
				5D8F1A8A21B65C530043FA41 /* MVCManager.m in Sources */,
				5D155C3421B0CBE300534461 /* MVVMViewModel.m in Sources */,
				5D4F77CC21AE86E800921FDA /* JLTableViewCell.m in Sources */,
				5D4F77AA21AE799600921FDA /* ViewController.m in Sources */,
				5DD1826621AFD1CA00B814FA /* MVPViewController.m in Sources */,
				5D328FBA21BA58DC00A0B191 /* JLChainViewController.m in Sources */,
				5D4F77B521AE799700921FDA /* main.m in Sources */,
				5D8F1AA021B65E680043FA41 /* JLTableViewModel.m in Sources */,
				5D4F77C321AE7CDA00921FDA /* JLDataSource.m in Sources */,
				5D328FB721BA581A00A0B191 /* Person.m in Sources */,
				5D629D0B21B02F49000240FB /* MVVMViewController.m in Sources */,
				5D8F1A9321B65C9A0043FA41 /* UITableView+HYBCacheHeight.m in Sources */,
				5D155C3121B0CBCF00534461 /* MVVMBaseModel.m in Sources */,
				5D4F77CF21AE8ABB00921FDA /* Present.m in Sources */,
				5D4F77A721AE799600921FDA /* AppDelegate.m in Sources */,
				5D8F1AA621B668290043FA41 /* JLContentViewCell.m in Sources */,
				5D4F77C921AE86CE00921FDA /* JLModel.m in Sources */,
				5D8F1A9721B65D1C0043FA41 /* JLTableViewController.m in Sources */,
				5D8F1A9D21B65E520043FA41 /* JLTableModel.m in Sources */,
				5D8F1A8C21B65C530043FA41 /* MVCViewController.m in Sources */,
				5D8F1A9421B65C9A0043FA41 /* UITableViewCell+HYBMasonryAutoCellHeight.m in Sources */,
			);
			runOnlyForDeploymentPostprocessing = 0;
		};
/* End PBXSourcesBuildPhase section */

/* Begin PBXVariantGroup section */
		5D4F77AB21AE799600921FDA /* Main.storyboard */ = {
			isa = PBXVariantGroup;
			children = (
				5D4F77AC21AE799600921FDA /* Base */,
			);
			name = Main.storyboard;
			sourceTree = "<group>";
		};
		5D4F77B021AE799700921FDA /* LaunchScreen.storyboard */ = {
			isa = PBXVariantGroup;
			children = (
				5D4F77B121AE799700921FDA /* Base */,
			);
			name = LaunchScreen.storyboard;
			sourceTree = "<group>";
		};
/* End PBXVariantGroup section */

/* Begin XCBuildConfiguration section */
		5D4F77B621AE799700921FDA /* Debug */ = {
			isa = XCBuildConfiguration;
			buildSettings = {
				ALWAYS_SEARCH_USER_PATHS = NO;
				CLANG_ANALYZER_NONNULL = YES;
				CLANG_ANALYZER_NUMBER_OBJECT_CONVERSION = YES_AGGRESSIVE;
				CLANG_CXX_LANGUAGE_STANDARD = "gnu++14";
				CLANG_CXX_LIBRARY = "libc++";
				CLANG_ENABLE_MODULES = YES;
				CLANG_ENABLE_OBJC_ARC = YES;
				CLANG_ENABLE_OBJC_WEAK = YES;
				CLANG_WARN_BLOCK_CAPTURE_AUTORELEASING = YES;
				CLANG_WARN_BOOL_CONVERSION = YES;
				CLANG_WARN_COMMA = YES;
				CLANG_WARN_CONSTANT_CONVERSION = YES;
				CLANG_WARN_DEPRECATED_OBJC_IMPLEMENTATIONS = YES;
				CLANG_WARN_DIRECT_OBJC_ISA_USAGE = YES_ERROR;
				CLANG_WARN_DOCUMENTATION_COMMENTS = YES;
				CLANG_WARN_EMPTY_BODY = YES;
				CLANG_WARN_ENUM_CONVERSION = YES;
				CLANG_WARN_INFINITE_RECURSION = YES;
				CLANG_WARN_INT_CONVERSION = YES;
				CLANG_WARN_NON_LITERAL_NULL_CONVERSION = YES;
				CLANG_WARN_OBJC_IMPLICIT_RETAIN_SELF = YES;
				CLANG_WARN_OBJC_LITERAL_CONVERSION = YES;
				CLANG_WARN_OBJC_ROOT_CLASS = YES_ERROR;
				CLANG_WARN_RANGE_LOOP_ANALYSIS = YES;
				CLANG_WARN_STRICT_PROTOTYPES = YES;
				CLANG_WARN_SUSPICIOUS_MOVE = YES;
				CLANG_WARN_UNGUARDED_AVAILABILITY = YES_AGGRESSIVE;
				CLANG_WARN_UNREACHABLE_CODE = YES;
				CLANG_WARN__DUPLICATE_METHOD_MATCH = YES;
				CODE_SIGN_IDENTITY = "iPhone Developer";
				COPY_PHASE_STRIP = NO;
				DEBUG_INFORMATION_FORMAT = dwarf;
				ENABLE_STRICT_OBJC_MSGSEND = YES;
				ENABLE_TESTABILITY = YES;
				GCC_C_LANGUAGE_STANDARD = gnu11;
				GCC_DYNAMIC_NO_PIC = NO;
				GCC_NO_COMMON_BLOCKS = YES;
				GCC_OPTIMIZATION_LEVEL = 0;
				GCC_PREPROCESSOR_DEFINITIONS = (
					"DEBUG=1",
					"$(inherited)",
				);
				GCC_WARN_64_TO_32_BIT_CONVERSION = YES;
				GCC_WARN_ABOUT_RETURN_TYPE = YES_ERROR;
				GCC_WARN_UNDECLARED_SELECTOR = YES;
				GCC_WARN_UNINITIALIZED_AUTOS = YES_AGGRESSIVE;
				GCC_WARN_UNUSED_FUNCTION = YES;
				GCC_WARN_UNUSED_VARIABLE = YES;
				IPHONEOS_DEPLOYMENT_TARGET = 12.1;
				MTL_ENABLE_DEBUG_INFO = INCLUDE_SOURCE;
				MTL_FAST_MATH = YES;
				ONLY_ACTIVE_ARCH = YES;
				SDKROOT = iphoneos;
			};
			name = Debug;
		};
		5D4F77B721AE799700921FDA /* Release */ = {
			isa = XCBuildConfiguration;
			buildSettings = {
				ALWAYS_SEARCH_USER_PATHS = NO;
				CLANG_ANALYZER_NONNULL = YES;
				CLANG_ANALYZER_NUMBER_OBJECT_CONVERSION = YES_AGGRESSIVE;
				CLANG_CXX_LANGUAGE_STANDARD = "gnu++14";
				CLANG_CXX_LIBRARY = "libc++";
				CLANG_ENABLE_MODULES = YES;
				CLANG_ENABLE_OBJC_ARC = YES;
				CLANG_ENABLE_OBJC_WEAK = YES;
				CLANG_WARN_BLOCK_CAPTURE_AUTORELEASING = YES;
				CLANG_WARN_BOOL_CONVERSION = YES;
				CLANG_WARN_COMMA = YES;
				CLANG_WARN_CONSTANT_CONVERSION = YES;
				CLANG_WARN_DEPRECATED_OBJC_IMPLEMENTATIONS = YES;
				CLANG_WARN_DIRECT_OBJC_ISA_USAGE = YES_ERROR;
				CLANG_WARN_DOCUMENTATION_COMMENTS = YES;
				CLANG_WARN_EMPTY_BODY = YES;
				CLANG_WARN_ENUM_CONVERSION = YES;
				CLANG_WARN_INFINITE_RECURSION = YES;
				CLANG_WARN_INT_CONVERSION = YES;
				CLANG_WARN_NON_LITERAL_NULL_CONVERSION = YES;
				CLANG_WARN_OBJC_IMPLICIT_RETAIN_SELF = YES;
				CLANG_WARN_OBJC_LITERAL_CONVERSION = YES;
				CLANG_WARN_OBJC_ROOT_CLASS = YES_ERROR;
				CLANG_WARN_RANGE_LOOP_ANALYSIS = YES;
				CLANG_WARN_STRICT_PROTOTYPES = YES;
				CLANG_WARN_SUSPICIOUS_MOVE = YES;
				CLANG_WARN_UNGUARDED_AVAILABILITY = YES_AGGRESSIVE;
				CLANG_WARN_UNREACHABLE_CODE = YES;
				CLANG_WARN__DUPLICATE_METHOD_MATCH = YES;
				CODE_SIGN_IDENTITY = "iPhone Developer";
				COPY_PHASE_STRIP = NO;
				DEBUG_INFORMATION_FORMAT = "dwarf-with-dsym";
				ENABLE_NS_ASSERTIONS = NO;
				ENABLE_STRICT_OBJC_MSGSEND = YES;
				GCC_C_LANGUAGE_STANDARD = gnu11;
				GCC_NO_COMMON_BLOCKS = YES;
				GCC_WARN_64_TO_32_BIT_CONVERSION = YES;
				GCC_WARN_ABOUT_RETURN_TYPE = YES_ERROR;
				GCC_WARN_UNDECLARED_SELECTOR = YES;
				GCC_WARN_UNINITIALIZED_AUTOS = YES_AGGRESSIVE;
				GCC_WARN_UNUSED_FUNCTION = YES;
				GCC_WARN_UNUSED_VARIABLE = YES;
				IPHONEOS_DEPLOYMENT_TARGET = 12.1;
				MTL_ENABLE_DEBUG_INFO = NO;
				MTL_FAST_MATH = YES;
				SDKROOT = iphoneos;
				VALIDATE_PRODUCT = YES;
			};
			name = Release;
		};
		5D4F77B921AE799700921FDA /* Debug */ = {
			isa = XCBuildConfiguration;
			baseConfigurationReference = 436562AA7A58B6185E2CF9E6 /* Pods-iOS-架构模式.debug.xcconfig */;
			buildSettings = {
				ASSETCATALOG_COMPILER_APPICON_NAME = AppIcon;
				CODE_SIGN_IDENTITY = "iPhone Developer";
				CODE_SIGN_STYLE = Automatic;
				DEVELOPMENT_TEAM = VQ5TJS3X6H;
				GCC_PREFIX_HEADER = "/Users/guoqing.li/Desktop/demo/iOS-架构模式/iOS-架构模式/PrefixHeader.pch";
				INFOPLIST_FILE = "iOS-架构模式/Info.plist";
				IPHONEOS_DEPLOYMENT_TARGET = 12.1;
				LD_RUNPATH_SEARCH_PATHS = (
					"$(inherited)",
					"@executable_path/Frameworks",
				);
				PRODUCT_BUNDLE_IDENTIFIER = "com.xbxm.www.iOS-----";
				PRODUCT_NAME = "$(TARGET_NAME)";
				PROVISIONING_PROFILE_SPECIFIER = "";
				TARGETED_DEVICE_FAMILY = "1,2";
			};
			name = Debug;
		};
		5D4F77BA21AE799700921FDA /* Release */ = {
			isa = XCBuildConfiguration;
			baseConfigurationReference = 18E046DF4DC0DC7B5DFFC1B7 /* Pods-iOS-架构模式.release.xcconfig */;
			buildSettings = {
				ASSETCATALOG_COMPILER_APPICON_NAME = AppIcon;
				CODE_SIGN_IDENTITY = "iPhone Developer";
				CODE_SIGN_STYLE = Automatic;
				DEVELOPMENT_TEAM = VQ5TJS3X6H;
				GCC_PREFIX_HEADER = "/Users/guoqing.li/Desktop/demo/iOS-架构模式/iOS-架构模式/PrefixHeader.pch";
				INFOPLIST_FILE = "iOS-架构模式/Info.plist";
				IPHONEOS_DEPLOYMENT_TARGET = 12.1;
				LD_RUNPATH_SEARCH_PATHS = (
					"$(inherited)",
					"@executable_path/Frameworks",
				);
				PRODUCT_BUNDLE_IDENTIFIER = "com.xbxm.www.iOS-----";
				PRODUCT_NAME = "$(TARGET_NAME)";
				PROVISIONING_PROFILE_SPECIFIER = "";
				TARGETED_DEVICE_FAMILY = "1,2";
			};
			name = Release;
		};
/* End XCBuildConfiguration section */

/* Begin XCConfigurationList section */
		5D4F779D21AE799500921FDA /* Build configuration list for PBXProject "iOS-架构模式" */ = {
			isa = XCConfigurationList;
			buildConfigurations = (
				5D4F77B621AE799700921FDA /* Debug */,
				5D4F77B721AE799700921FDA /* Release */,
			);
			defaultConfigurationIsVisible = 0;
			defaultConfigurationName = Release;
		};
		5D4F77B821AE799700921FDA /* Build configuration list for PBXNativeTarget "iOS-架构模式" */ = {
			isa = XCConfigurationList;
			buildConfigurations = (
				5D4F77B921AE799700921FDA /* Debug */,
				5D4F77BA21AE799700921FDA /* Release */,
			);
			defaultConfigurationIsVisible = 0;
			defaultConfigurationName = Release;
		};
/* End XCConfigurationList section */
	};
	rootObject = 5D4F779A21AE799500921FDA /* Project object */;
}
